
Microsoft Visual Studio Solution File, Format Version 12.00
# Visual Studio 15
VisualStudioVersion = 15.0.27004.2005
MinimumVisualStudioVersion = 10.0.40219.1
Project("{FAE04EC0-301F-11D3-BF4B-00C04F79EFBC}") = "CleanArchitecture.UI", "CleanArchitecture.UI\CleanArchitecture.UI.csproj", "{E95AD0EE-6BF9-4252-9DE8-8C7ABB83F1F2}"
EndProject
Project("{FAE04EC0-301F-11D3-BF4B-00C04F79EFBC}") = "CleanArchitecture.Infrastructure", "CleanArchitecture.Infrastructure\CleanArchitecture.Infrastructure.csproj", "{0C8954BC-9E9D-49E7-B721-1B3D94A3A80A}"
EndProject
Project("{FAE04EC0-301F-11D3-BF4B-00C04F79EFBC}") = "CleanArchitecture.Core", "CleanArchitecture.Core\CleanArchitecture.Core.csproj", "{9083AB7F-9AD4-4181-BCA3-B92F22C8860E}"
EndProject
Project("{FAE04EC0-301F-11D3-BF4B-00C04F79EFBC}") = "CleanArchitecture.IOC", "CleanArchitecture.IOC\CleanArchitecture.IOC.csproj", "{B6B93E48-749A-4CCB-8ABE-15826C5F3F9B}"
EndProject
Project("{2150E333-8FDC-42A3-9474-1A3956D46DE8}") = "Solution Items", "Solution Items", "{7D15AB06-EC00-4D36-ADAE-B54443B34B99}"
	ProjectSection(SolutionItems) = preProject
		README.md = README.md
	EndProjectSection
EndProject
Project("{FAE04EC0-301F-11D3-BF4B-00C04F79EFBC}") = "CleanArchitecture.Tests", "CleanArchitecture.Tests\CleanArchitecture.Tests.csproj", "{420470B8-A701-42B0-A87F-CB06B912FD62}"
EndProject
Project("{2150E333-8FDC-42A3-9474-1A3956D46DE8}") = "build", "build", "{36EC8A66-8204-408C-B846-0D720303AE81}"
	ProjectSection(SolutionItems) = preProject
		build.ps1 = build.ps1
		functions.ps1 = functions.ps1
		tasks.ps1 = tasks.ps1
	EndProjectSection
EndProject
Global
	GlobalSection(SolutionConfigurationPlatforms) = preSolution
		Debug|Any CPU = Debug|Any CPU
		Release|Any CPU = Release|Any CPU
	EndGlobalSection
	GlobalSection(ProjectConfigurationPlatforms) = postSolution
		{E95AD0EE-6BF9-4252-9DE8-8C7ABB83F1F2}.Debug|Any CPU.ActiveCfg = Debug|Any CPU
		{E95AD0EE-6BF9-4252-9DE8-8C7ABB83F1F2}.Debug|Any CPU.Build.0 = Debug|Any CPU
		{E95AD0EE-6BF9-4252-9DE8-8C7ABB83F1F2}.Release|Any CPU.ActiveCfg = Release|Any CPU
		{E95AD0EE-6BF9-4252-9DE8-8C7ABB83F1F2}.Release|Any CPU.Build.0 = Release|Any CPU
		{0C8954BC-9E9D-49E7-B721-1B3D94A3A80A}.Debug|Any CPU.ActiveCfg = Debug|Any CPU
		{0C8954BC-9E9D-49E7-B721-1B3D94A3A80A}.Debug|Any CPU.Build.0 = Debug|Any CPU
		{0C8954BC-9E9D-49E7-B721-1B3D94A3A80A}.Release|Any CPU.ActiveCfg = Release|Any CPU
		{0C8954BC-9E9D-49E7-B721-1B3D94A3A80A}.Release|Any CPU.Build.0 = Release|Any CPU
		{9083AB7F-9AD4-4181-BCA3-B92F22C8860E}.Debug|Any CPU.ActiveCfg = Debug|Any CPU
		{9083AB7F-9AD4-4181-BCA3-B92F22C8860E}.Debug|Any CPU.Build.0 = Debug|Any CPU
		{9083AB7F-9AD4-4181-BCA3-B92F22C8860E}.Release|Any CPU.ActiveCfg = Release|Any CPU
		{9083AB7F-9AD4-4181-BCA3-B92F22C8860E}.Release|Any CPU.Build.0 = Release|Any CPU
		{B6B93E48-749A-4CCB-8ABE-15826C5F3F9B}.Debug|Any CPU.ActiveCfg = Debug|Any CPU
		{B6B93E48-749A-4CCB-8ABE-15826C5F3F9B}.Debug|Any CPU.Build.0 = Debug|Any CPU
		{B6B93E48-749A-4CCB-8ABE-15826C5F3F9B}.Release|Any CPU.ActiveCfg = Release|Any CPU
		{B6B93E48-749A-4CCB-8ABE-15826C5F3F9B}.Release|Any CPU.Build.0 = Release|Any CPU
		{420470B8-A701-42B0-A87F-CB06B912FD62}.Debug|Any CPU.ActiveCfg = Debug|Any CPU
		{420470B8-A701-42B0-A87F-CB06B912FD62}.Debug|Any CPU.Build.0 = Debug|Any CPU
		{420470B8-A701-42B0-A87F-CB06B912FD62}.Release|Any CPU.ActiveCfg = Release|Any CPU
		{420470B8-A701-42B0-A87F-CB06B912FD62}.Release|Any CPU.Build.0 = Release|Any CPU
	EndGlobalSection
	GlobalSection(SolutionProperties) = preSolution
		HideSolutionNode = FALSE
	EndGlobalSection
	GlobalSection(ExtensibilityGlobals) = postSolution
		SolutionGuid = {DDE1BE91-90E4-4402-AB42-38BAFF8A443B}
	EndGlobalSection
EndGlobal
